
Microsoft Visual Studio Solution File, Format Version 12.00
# Visual Studio Version 17
VisualStudioVersion = 17.5.33516.290
MinimumVisualStudioVersion = 10.0.40219.1
Project("{FAE04EC0-301F-11D3-BF4B-00C04F79EFBC}") = "Repository3", "Repository3.csproj", "{795262A0-69F4-4A84-B99C-7EA16911E396}"
EndProject
Global
	GlobalSection(SolutionConfigurationPlatforms) = preSolution
		Debug|Any CPU = Debug|Any CPU
		Release|Any CPU = Release|Any CPU
	EndGlobalSection
	GlobalSection(ProjectConfigurationPlatforms) = postSolution
		{795262A0-69F4-4A84-B99C-7EA16911E396}.Debug|Any CPU.ActiveCfg = Debug|Any CPU
		{795262A0-69F4-4A84-B99C-7EA16911E396}.Debug|Any CPU.Build.0 = Debug|Any CPU
		{795262A0-69F4-4A84-B99C-7EA16911E396}.Release|Any CPU.ActiveCfg = Release|Any CPU
		{795262A0-69F4-4A84-B99C-7EA16911E396}.Release|Any CPU.Build.0 = Release|Any CPU
	EndGlobalSection
	GlobalSection(SolutionProperties) = preSolution
		HideSolutionNode = FALSE
	EndGlobalSection
	GlobalSection(ExtensibilityGlobals) = postSolution
		SolutionGuid = {6F8F75F6-5DFA-42CB-880C-0A3C2049EC87}
	EndGlobalSection
EndGlobal
